
Microsoft Visual Studio Solution File, Format Version 12.00
# Visual Studio Version 17
VisualStudioVersion = 17.11.35208.52
MinimumVisualStudioVersion = 10.0.40219.1
Project("{FAE04EC0-301F-11D3-BF4B-00C04F79EFBC}") = "CalculadoraOB", "CalculadoraOB\CalculadoraOB.csproj", "{126D127B-C5D1-4953-AC60-7318D3F6CC4A}"
EndProject
Global
	GlobalSection(SolutionConfigurationPlatforms) = preSolution
		Debug|Any CPU = Debug|Any CPU
		Release|Any CPU = Release|Any CPU
	EndGlobalSection
	GlobalSection(ProjectConfigurationPlatforms) = postSolution
		{126D127B-C5D1-4953-AC60-7318D3F6CC4A}.Debug|Any CPU.ActiveCfg = Debug|Any CPU
		{126D127B-C5D1-4953-AC60-7318D3F6CC4A}.Debug|Any CPU.Build.0 = Debug|Any CPU
		{126D127B-C5D1-4953-AC60-7318D3F6CC4A}.Release|Any CPU.ActiveCfg = Release|Any CPU
		{126D127B-C5D1-4953-AC60-7318D3F6CC4A}.Release|Any CPU.Build.0 = Release|Any CPU
	EndGlobalSection
	GlobalSection(SolutionProperties) = preSolution
		HideSolutionNode = FALSE
	EndGlobalSection
	GlobalSection(ExtensibilityGlobals) = postSolution
		SolutionGuid = {E4643C48-D720-4EF9-8A61-16065CEA1D3A}
	EndGlobalSection
EndGlobal
